// !$*UTF8*$!
{
	archiveVersion = 1;
	classes = {
	};
	objectVersion = 56;
	objects = {

/* Begin PBXBuildFile section */
		04937AD32C69DA6E0099D3EE /* AppDelegate.swift in Sources */ = {isa = PBXBuildFile; fileRef = 04937AD22C69DA6E0099D3EE /* AppDelegate.swift */; };
		04937AD52C69DA6E0099D3EE /* SceneDelegate.swift in Sources */ = {isa = PBXBuildFile; fileRef = 04937AD42C69DA6E0099D3EE /* SceneDelegate.swift */; };
		04937AD72C69DA6E0099D3EE /* TodoListViewController.swift in Sources */ = {isa = PBXBuildFile; fileRef = 04937AD62C69DA6E0099D3EE /* TodoListViewController.swift */; };
		04937ADC2C69DA710099D3EE /* Assets.xcassets in Resources */ = {isa = PBXBuildFile; fileRef = 04937ADB2C69DA710099D3EE /* Assets.xcassets */; };
		04937ADF2C69DA710099D3EE /* Base in Resources */ = {isa = PBXBuildFile; fileRef = 04937ADE2C69DA710099D3EE /* Base */; };
		04937AEC2C69DEE20099D3EE /* Coodinator.swift in Sources */ = {isa = PBXBuildFile; fileRef = 04937AEB2C69DEE20099D3EE /* Coodinator.swift */; };
		04937AEE2C69DF160099D3EE /* AppCoordinator.swift in Sources */ = {isa = PBXBuildFile; fileRef = 04937AED2C69DF160099D3EE /* AppCoordinator.swift */; };
		04937AF22C69E0840099D3EE /* TodoListCoordinator.swift in Sources */ = {isa = PBXBuildFile; fileRef = 04937AF12C69E0840099D3EE /* TodoListCoordinator.swift */; };
		04937AF42C69E2E10099D3EE /* TodoListModel.swift in Sources */ = {isa = PBXBuildFile; fileRef = 04937AF32C69E2E10099D3EE /* TodoListModel.swift */; };
		04937AF72C69E6420099D3EE /* SnapKit in Frameworks */ = {isa = PBXBuildFile; productRef = 04937AF62C69E6420099D3EE /* SnapKit */; };
		04937AF92C69E6B80099D3EE /* TodoListTableViewCell.swift in Sources */ = {isa = PBXBuildFile; fileRef = 04937AF82C69E6B80099D3EE /* TodoListTableViewCell.swift */; };
		04937AFC2C69E78D0099D3EE /* TodoListVewModel.swift in Sources */ = {isa = PBXBuildFile; fileRef = 04937AFB2C69E78D0099D3EE /* TodoListVewModel.swift */; };
		04937AFF2C69EF880099D3EE /* DetailTodoViewController.swift in Sources */ = {isa = PBXBuildFile; fileRef = 04937AFE2C69EF880099D3EE /* DetailTodoViewController.swift */; };
		04937B012C69EF9A0099D3EE /* DetailTodoCoordinator.swift in Sources */ = {isa = PBXBuildFile; fileRef = 04937B002C69EF9A0099D3EE /* DetailTodoCoordinator.swift */; };
		04937B042C69F6C00099D3EE /* DetailTodoViewModel.swift in Sources */ = {isa = PBXBuildFile; fileRef = 04937B032C69F6C00099D3EE /* DetailTodoViewModel.swift */; };
		04937B072C69FB8A0099D3EE /* AddTodoViewController.swift in Sources */ = {isa = PBXBuildFile; fileRef = 04937B062C69FB8A0099D3EE /* AddTodoViewController.swift */; };
		04937B0A2C69FBA10099D3EE /* AddTodoCoordinator.swift in Sources */ = {isa = PBXBuildFile; fileRef = 04937B092C69FBA10099D3EE /* AddTodoCoordinator.swift */; };
/* End PBXBuildFile section */

/* Begin PBXFileReference section */
		04937ACF2C69DA6E0099D3EE /* Coodinator.app */ = {isa = PBXFileReference; explicitFileType = wrapper.application; includeInIndex = 0; path = Coodinator.app; sourceTree = BUILT_PRODUCTS_DIR; };
		04937AD22C69DA6E0099D3EE /* AppDelegate.swift */ = {isa = PBXFileReference; lastKnownFileType = sourcecode.swift; path = AppDelegate.swift; sourceTree = "<group>"; };
		04937AD42C69DA6E0099D3EE /* SceneDelegate.swift */ = {isa = PBXFileReference; lastKnownFileType = sourcecode.swift; path = SceneDelegate.swift; sourceTree = "<group>"; };
		04937AD62C69DA6E0099D3EE /* TodoListViewController.swift */ = {isa = PBXFileReference; lastKnownFileType = sourcecode.swift; path = TodoListViewController.swift; sourceTree = "<group>"; };
		04937ADB2C69DA710099D3EE /* Assets.xcassets */ = {isa = PBXFileReference; lastKnownFileType = folder.assetcatalog; path = Assets.xcassets; sourceTree = "<group>"; };
		04937ADE2C69DA710099D3EE /* Base */ = {isa = PBXFileReference; lastKnownFileType = file.storyboard; name = Base; path = Base.lproj/LaunchScreen.storyboard; sourceTree = "<group>"; };
		04937AE02C69DA710099D3EE /* Info.plist */ = {isa = PBXFileReference; lastKnownFileType = text.plist.xml; path = Info.plist; sourceTree = "<group>"; };
		04937AEB2C69DEE20099D3EE /* Coodinator.swift */ = {isa = PBXFileReference; lastKnownFileType = sourcecode.swift; path = Coodinator.swift; sourceTree = "<group>"; };
		04937AED2C69DF160099D3EE /* AppCoordinator.swift */ = {isa = PBXFileReference; lastKnownFileType = sourcecode.swift; path = AppCoordinator.swift; sourceTree = "<group>"; };
		04937AF12C69E0840099D3EE /* TodoListCoordinator.swift */ = {isa = PBXFileReference; lastKnownFileType = sourcecode.swift; path = TodoListCoordinator.swift; sourceTree = "<group>"; };
		04937AF32C69E2E10099D3EE /* TodoListModel.swift */ = {isa = PBXFileReference; lastKnownFileType = sourcecode.swift; path = TodoListModel.swift; sourceTree = "<group>"; };
		04937AF82C69E6B80099D3EE /* TodoListTableViewCell.swift */ = {isa = PBXFileReference; lastKnownFileType = sourcecode.swift; path = TodoListTableViewCell.swift; sourceTree = "<group>"; };
		04937AFB2C69E78D0099D3EE /* TodoListVewModel.swift */ = {isa = PBXFileReference; lastKnownFileType = sourcecode.swift; path = TodoListVewModel.swift; sourceTree = "<group>"; };
		04937AFE2C69EF880099D3EE /* DetailTodoViewController.swift */ = {isa = PBXFileReference; lastKnownFileType = sourcecode.swift; path = DetailTodoViewController.swift; sourceTree = "<group>"; };
		04937B002C69EF9A0099D3EE /* DetailTodoCoordinator.swift */ = {isa = PBXFileReference; lastKnownFileType = sourcecode.swift; path = DetailTodoCoordinator.swift; sourceTree = "<group>"; };
		04937B032C69F6C00099D3EE /* DetailTodoViewModel.swift */ = {isa = PBXFileReference; lastKnownFileType = sourcecode.swift; path = DetailTodoViewModel.swift; sourceTree = "<group>"; };
		04937B062C69FB8A0099D3EE /* AddTodoViewController.swift */ = {isa = PBXFileReference; lastKnownFileType = sourcecode.swift; path = AddTodoViewController.swift; sourceTree = "<group>"; };
		04937B092C69FBA10099D3EE /* AddTodoCoordinator.swift */ = {isa = PBXFileReference; lastKnownFileType = sourcecode.swift; path = AddTodoCoordinator.swift; sourceTree = "<group>"; };
/* End PBXFileReference section */

/* Begin PBXFrameworksBuildPhase section */
		04937ACC2C69DA6E0099D3EE /* Frameworks */ = {
			isa = PBXFrameworksBuildPhase;
			buildActionMask = 2147483647;
			files = (
				04937AF72C69E6420099D3EE /* SnapKit in Frameworks */,
			);
			runOnlyForDeploymentPostprocessing = 0;
		};
/* End PBXFrameworksBuildPhase section */

/* Begin PBXGroup section */
		04937AC62C69DA6E0099D3EE = {
			isa = PBXGroup;
			children = (
				04937AD12C69DA6E0099D3EE /* Coodinator */,
				04937AD02C69DA6E0099D3EE /* Products */,
			);
			sourceTree = "<group>";
		};
		04937AD02C69DA6E0099D3EE /* Products */ = {
			isa = PBXGroup;
			children = (
				04937ACF2C69DA6E0099D3EE /* Coodinator.app */,
			);
			name = Products;
			sourceTree = "<group>";
		};
		04937AD12C69DA6E0099D3EE /* Coodinator */ = {
			isa = PBXGroup;
			children = (
				04937AFA2C69E6BD0099D3EE /* Cell */,
				04937AEA2C69DCA50099D3EE /* Model */,
				04937AE92C69DC9F0099D3EE /* ViewModel */,
				04937AE82C69DC990099D3EE /* View */,
				04937AE72C69DC900099D3EE /* Coordinator */,
				04937AE62C69DC8B0099D3EE /* App */,
				04937ADB2C69DA710099D3EE /* Assets.xcassets */,
				04937ADD2C69DA710099D3EE /* LaunchScreen.storyboard */,
				04937AE02C69DA710099D3EE /* Info.plist */,
			);
			path = Coodinator;
			sourceTree = "<group>";
		};
		04937AE62C69DC8B0099D3EE /* App */ = {
			isa = PBXGroup;
			children = (
				04937AD22C69DA6E0099D3EE /* AppDelegate.swift */,
				04937AD42C69DA6E0099D3EE /* SceneDelegate.swift */,
			);
			path = App;
			sourceTree = "<group>";
		};
		04937AE72C69DC900099D3EE /* Coordinator */ = {
			isa = PBXGroup;
			children = (
				04937AEB2C69DEE20099D3EE /* Coodinator.swift */,
				04937AED2C69DF160099D3EE /* AppCoordinator.swift */,
			);
			path = Coordinator;
			sourceTree = "<group>";
		};
		04937AE82C69DC990099D3EE /* View */ = {
			isa = PBXGroup;
			children = (
				04937B052C69FB760099D3EE /* Add */,
				04937AFD2C69EF620099D3EE /* Detail */,
				04937AEF2C69E0590099D3EE /* TodoList */,
			);
			path = View;
			sourceTree = "<group>";
		};
		04937AE92C69DC9F0099D3EE /* ViewModel */ = {
			isa = PBXGroup;
			children = (
				04937AFB2C69E78D0099D3EE /* TodoListVewModel.swift */,
				04937B032C69F6C00099D3EE /* DetailTodoViewModel.swift */,
			);
			path = ViewModel;
			sourceTree = "<group>";
		};
		04937AEA2C69DCA50099D3EE /* Model */ = {
			isa = PBXGroup;
			children = (
				04937AF32C69E2E10099D3EE /* TodoListModel.swift */,
			);
			path = Model;
			sourceTree = "<group>";
		};
		04937AEF2C69E0590099D3EE /* TodoList */ = {
			isa = PBXGroup;
			children = (
				04937AF02C69E0730099D3EE /* Coordinator */,
				04937AD62C69DA6E0099D3EE /* TodoListViewController.swift */,
			);
			path = TodoList;
			sourceTree = "<group>";
		};
		04937AF02C69E0730099D3EE /* Coordinator */ = {
			isa = PBXGroup;
			children = (
				04937AF12C69E0840099D3EE /* TodoListCoordinator.swift */,
			);
			path = Coordinator;
			sourceTree = "<group>";
		};
		04937AFA2C69E6BD0099D3EE /* Cell */ = {
			isa = PBXGroup;
			children = (
				04937AF82C69E6B80099D3EE /* TodoListTableViewCell.swift */,
			);
			path = Cell;
			sourceTree = "<group>";
		};
		04937AFD2C69EF620099D3EE /* Detail */ = {
			isa = PBXGroup;
			children = (
				04937B022C69EF9D0099D3EE /* Coordinator */,
				04937AFE2C69EF880099D3EE /* DetailTodoViewController.swift */,
			);
			path = Detail;
			sourceTree = "<group>";
		};
		04937B022C69EF9D0099D3EE /* Coordinator */ = {
			isa = PBXGroup;
			children = (
				04937B002C69EF9A0099D3EE /* DetailTodoCoordinator.swift */,
			);
			path = Coordinator;
			sourceTree = "<group>";
		};
		04937B052C69FB760099D3EE /* Add */ = {
			isa = PBXGroup;
			children = (
				04937B082C69FB8D0099D3EE /* Coordinator */,
				04937B062C69FB8A0099D3EE /* AddTodoViewController.swift */,
			);
			path = Add;
			sourceTree = "<group>";
		};
		04937B082C69FB8D0099D3EE /* Coordinator */ = {
			isa = PBXGroup;
			children = (
				04937B092C69FBA10099D3EE /* AddTodoCoordinator.swift */,
			);
			path = Coordinator;
			sourceTree = "<group>";
		};
/* End PBXGroup section */

/* Begin PBXNativeTarget section */
		04937ACE2C69DA6E0099D3EE /* Coodinator */ = {
			isa = PBXNativeTarget;
			buildConfigurationList = 04937AE32C69DA710099D3EE /* Build configuration list for PBXNativeTarget "Coodinator" */;
			buildPhases = (
				04937ACB2C69DA6E0099D3EE /* Sources */,
				04937ACC2C69DA6E0099D3EE /* Frameworks */,
				04937ACD2C69DA6E0099D3EE /* Resources */,
			);
			buildRules = (
			);
			dependencies = (
			);
			name = Coodinator;
			packageProductDependencies = (
				04937AF62C69E6420099D3EE /* SnapKit */,
			);
			productName = Coodinator;
			productReference = 04937ACF2C69DA6E0099D3EE /* Coodinator.app */;
			productType = "com.apple.product-type.application";
		};
/* End PBXNativeTarget section */

/* Begin PBXProject section */
		04937AC72C69DA6E0099D3EE /* Project object */ = {
			isa = PBXProject;
			attributes = {
				BuildIndependentTargetsInParallel = 1;
				LastSwiftUpdateCheck = 1540;
				LastUpgradeCheck = 1540;
				TargetAttributes = {
					04937ACE2C69DA6E0099D3EE = {
						CreatedOnToolsVersion = 15.4;
					};
				};
			};
			buildConfigurationList = 04937ACA2C69DA6E0099D3EE /* Build configuration list for PBXProject "Coodinator" */;
			compatibilityVersion = "Xcode 14.0";
			developmentRegion = en;
			hasScannedForEncodings = 0;
			knownRegions = (
				en,
				Base,
			);
			mainGroup = 04937AC62C69DA6E0099D3EE;
			packageReferences = (
				04937AF52C69E6410099D3EE /* XCRemoteSwiftPackageReference "SnapKit" */,
			);
			productRefGroup = 04937AD02C69DA6E0099D3EE /* Products */;
			projectDirPath = "";
			projectRoot = "";
			targets = (
				04937ACE2C69DA6E0099D3EE /* Coodinator */,
			);
		};
/* End PBXProject section */

/* Begin PBXResourcesBuildPhase section */
		04937ACD2C69DA6E0099D3EE /* Resources */ = {
			isa = PBXResourcesBuildPhase;
			buildActionMask = 2147483647;
			files = (
				04937ADC2C69DA710099D3EE /* Assets.xcassets in Resources */,
				04937ADF2C69DA710099D3EE /* Base in Resources */,
			);
			runOnlyForDeploymentPostprocessing = 0;
		};
/* End PBXResourcesBuildPhase section */

/* Begin PBXSourcesBuildPhase section */
		04937ACB2C69DA6E0099D3EE /* Sources */ = {
			isa = PBXSourcesBuildPhase;
			buildActionMask = 2147483647;
			files = (
				04937AD72C69DA6E0099D3EE /* TodoListViewController.swift in Sources */,
				04937AEE2C69DF160099D3EE /* AppCoordinator.swift in Sources */,
				04937AEC2C69DEE20099D3EE /* Coodinator.swift in Sources */,
				04937AFF2C69EF880099D3EE /* DetailTodoViewController.swift in Sources */,
				04937AF92C69E6B80099D3EE /* TodoListTableViewCell.swift in Sources */,
				04937B042C69F6C00099D3EE /* DetailTodoViewModel.swift in Sources */,
				04937B0A2C69FBA10099D3EE /* AddTodoCoordinator.swift in Sources */,
				04937AD32C69DA6E0099D3EE /* AppDelegate.swift in Sources */,
				04937AF22C69E0840099D3EE /* TodoListCoordinator.swift in Sources */,
				04937AFC2C69E78D0099D3EE /* TodoListVewModel.swift in Sources */,
				04937AF42C69E2E10099D3EE /* TodoListModel.swift in Sources */,
				04937AD52C69DA6E0099D3EE /* SceneDelegate.swift in Sources */,
				04937B072C69FB8A0099D3EE /* AddTodoViewController.swift in Sources */,
				04937B012C69EF9A0099D3EE /* DetailTodoCoordinator.swift in Sources */,
			);
			runOnlyForDeploymentPostprocessing = 0;
		};
/* End PBXSourcesBuildPhase section */

/* Begin PBXVariantGroup section */
		04937ADD2C69DA710099D3EE /* LaunchScreen.storyboard */ = {
			isa = PBXVariantGroup;
			children = (
				04937ADE2C69DA710099D3EE /* Base */,
			);
			name = LaunchScreen.storyboard;
			sourceTree = "<group>";
		};
/* End PBXVariantGroup section */

/* Begin XCBuildConfiguration section */
		04937AE12C69DA710099D3EE /* Debug */ = {
			isa = XCBuildConfiguration;
			buildSettings = {
				ALWAYS_SEARCH_USER_PATHS = NO;
				ASSETCATALOG_COMPILER_GENERATE_SWIFT_ASSET_SYMBOL_EXTENSIONS = YES;
				CLANG_ANALYZER_NONNULL = YES;
				CLANG_ANALYZER_NUMBER_OBJECT_CONVERSION = YES_AGGRESSIVE;
				CLANG_CXX_LANGUAGE_STANDARD = "gnu++20";
				CLANG_ENABLE_MODULES = YES;
				CLANG_ENABLE_OBJC_ARC = YES;
				CLANG_ENABLE_OBJC_WEAK = YES;
				CLANG_WARN_BLOCK_CAPTURE_AUTORELEASING = YES;
				CLANG_WARN_BOOL_CONVERSION = YES;
				CLANG_WARN_COMMA = YES;
				CLANG_WARN_CONSTANT_CONVERSION = YES;
				CLANG_WARN_DEPRECATED_OBJC_IMPLEMENTATIONS = YES;
				CLANG_WARN_DIRECT_OBJC_ISA_USAGE = YES_ERROR;
				CLANG_WARN_DOCUMENTATION_COMMENTS = YES;
				CLANG_WARN_EMPTY_BODY = YES;
				CLANG_WARN_ENUM_CONVERSION = YES;
				CLANG_WARN_INFINITE_RECURSION = YES;
				CLANG_WARN_INT_CONVERSION = YES;
				CLANG_WARN_NON_LITERAL_NULL_CONVERSION = YES;
				CLANG_WARN_OBJC_IMPLICIT_RETAIN_SELF = YES;
				CLANG_WARN_OBJC_LITERAL_CONVERSION = YES;
				CLANG_WARN_OBJC_ROOT_CLASS = YES_ERROR;
				CLANG_WARN_QUOTED_INCLUDE_IN_FRAMEWORK_HEADER = YES;
				CLANG_WARN_RANGE_LOOP_ANALYSIS = YES;
				CLANG_WARN_STRICT_PROTOTYPES = YES;
				CLANG_WARN_SUSPICIOUS_MOVE = YES;
				CLANG_WARN_UNGUARDED_AVAILABILITY = YES_AGGRESSIVE;
				CLANG_WARN_UNREACHABLE_CODE = YES;
				CLANG_WARN__DUPLICATE_METHOD_MATCH = YES;
				COPY_PHASE_STRIP = NO;
				DEBUG_INFORMATION_FORMAT = dwarf;
				ENABLE_STRICT_OBJC_MSGSEND = YES;
				ENABLE_TESTABILITY = YES;
				ENABLE_USER_SCRIPT_SANDBOXING = YES;
				GCC_C_LANGUAGE_STANDARD = gnu17;
				GCC_DYNAMIC_NO_PIC = NO;
				GCC_NO_COMMON_BLOCKS = YES;
				GCC_OPTIMIZATION_LEVEL = 0;
				GCC_PREPROCESSOR_DEFINITIONS = (
					"DEBUG=1",
					"$(inherited)",
				);
				GCC_WARN_64_TO_32_BIT_CONVERSION = YES;
				GCC_WARN_ABOUT_RETURN_TYPE = YES_ERROR;
				GCC_WARN_UNDECLARED_SELECTOR = YES;
				GCC_WARN_UNINITIALIZED_AUTOS = YES_AGGRESSIVE;
				GCC_WARN_UNUSED_FUNCTION = YES;
				GCC_WARN_UNUSED_VARIABLE = YES;
				IPHONEOS_DEPLOYMENT_TARGET = 17.5;
				LOCALIZATION_PREFERS_STRING_CATALOGS = YES;
				MTL_ENABLE_DEBUG_INFO = INCLUDE_SOURCE;
				MTL_FAST_MATH = YES;
				ONLY_ACTIVE_ARCH = YES;
				SDKROOT = iphoneos;
				SWIFT_ACTIVE_COMPILATION_CONDITIONS = "DEBUG $(inherited)";
				SWIFT_OPTIMIZATION_LEVEL = "-Onone";
			};
			name = Debug;
		};
		04937AE22C69DA710099D3EE /* Release */ = {
			isa = XCBuildConfiguration;
			buildSettings = {
				ALWAYS_SEARCH_USER_PATHS = NO;
				ASSETCATALOG_COMPILER_GENERATE_SWIFT_ASSET_SYMBOL_EXTENSIONS = YES;
				CLANG_ANALYZER_NONNULL = YES;
				CLANG_ANALYZER_NUMBER_OBJECT_CONVERSION = YES_AGGRESSIVE;
				CLANG_CXX_LANGUAGE_STANDARD = "gnu++20";
				CLANG_ENABLE_MODULES = YES;
				CLANG_ENABLE_OBJC_ARC = YES;
				CLANG_ENABLE_OBJC_WEAK = YES;
				CLANG_WARN_BLOCK_CAPTURE_AUTORELEASING = YES;
				CLANG_WARN_BOOL_CONVERSION = YES;
				CLANG_WARN_COMMA = YES;
				CLANG_WARN_CONSTANT_CONVERSION = YES;
				CLANG_WARN_DEPRECATED_OBJC_IMPLEMENTATIONS = YES;
				CLANG_WARN_DIRECT_OBJC_ISA_USAGE = YES_ERROR;
				CLANG_WARN_DOCUMENTATION_COMMENTS = YES;
				CLANG_WARN_EMPTY_BODY = YES;
				CLANG_WARN_ENUM_CONVERSION = YES;
				CLANG_WARN_INFINITE_RECURSION = YES;
				CLANG_WARN_INT_CONVERSION = YES;
				CLANG_WARN_NON_LITERAL_NULL_CONVERSION = YES;
				CLANG_WARN_OBJC_IMPLICIT_RETAIN_SELF = YES;
				CLANG_WARN_OBJC_LITERAL_CONVERSION = YES;
				CLANG_WARN_OBJC_ROOT_CLASS = YES_ERROR;
				CLANG_WARN_QUOTED_INCLUDE_IN_FRAMEWORK_HEADER = YES;
				CLANG_WARN_RANGE_LOOP_ANALYSIS = YES;
				CLANG_WARN_STRICT_PROTOTYPES = YES;
				CLANG_WARN_SUSPICIOUS_MOVE = YES;
				CLANG_WARN_UNGUARDED_AVAILABILITY = YES_AGGRESSIVE;
				CLANG_WARN_UNREACHABLE_CODE = YES;
				CLANG_WARN__DUPLICATE_METHOD_MATCH = YES;
				COPY_PHASE_STRIP = NO;
				DEBUG_INFORMATION_FORMAT = "dwarf-with-dsym";
				ENABLE_NS_ASSERTIONS = NO;
				ENABLE_STRICT_OBJC_MSGSEND = YES;
				ENABLE_USER_SCRIPT_SANDBOXING = YES;
				GCC_C_LANGUAGE_STANDARD = gnu17;
				GCC_NO_COMMON_BLOCKS = YES;
				GCC_WARN_64_TO_32_BIT_CONVERSION = YES;
				GCC_WARN_ABOUT_RETURN_TYPE = YES_ERROR;
				GCC_WARN_UNDECLARED_SELECTOR = YES;
				GCC_WARN_UNINITIALIZED_AUTOS = YES_AGGRESSIVE;
				GCC_WARN_UNUSED_FUNCTION = YES;
				GCC_WARN_UNUSED_VARIABLE = YES;
				IPHONEOS_DEPLOYMENT_TARGET = 17.5;
				LOCALIZATION_PREFERS_STRING_CATALOGS = YES;
				MTL_ENABLE_DEBUG_INFO = NO;
				MTL_FAST_MATH = YES;
				SDKROOT = iphoneos;
				SWIFT_COMPILATION_MODE = wholemodule;
				VALIDATE_PRODUCT = YES;
			};
			name = Release;
		};
		04937AE42C69DA710099D3EE /* Debug */ = {
			isa = XCBuildConfiguration;
			buildSettings = {
				ASSETCATALOG_COMPILER_APPICON_NAME = AppIcon;
				ASSETCATALOG_COMPILER_GLOBAL_ACCENT_COLOR_NAME = AccentColor;
				CODE_SIGN_STYLE = Automatic;
				CURRENT_PROJECT_VERSION = 1;
				DEVELOPMENT_TEAM = VUW56J5QC2;
				GENERATE_INFOPLIST_FILE = YES;
				INFOPLIST_FILE = Coodinator/Info.plist;
				INFOPLIST_KEY_UIApplicationSupportsIndirectInputEvents = YES;
				INFOPLIST_KEY_UILaunchStoryboardName = LaunchScreen;
				INFOPLIST_KEY_UISupportedInterfaceOrientations_iPad = "UIInterfaceOrientationPortrait UIInterfaceOrientationPortraitUpsideDown UIInterfaceOrientationLandscapeLeft UIInterfaceOrientationLandscapeRight";
				INFOPLIST_KEY_UISupportedInterfaceOrientations_iPhone = "UIInterfaceOrientationPortrait UIInterfaceOrientationLandscapeLeft UIInterfaceOrientationLandscapeRight";
				LD_RUNPATH_SEARCH_PATHS = (
					"$(inherited)",
					"@executable_path/Frameworks",
				);
				MARKETING_VERSION = 1.0;
				PRODUCT_BUNDLE_IDENTIFIER = com.SeongKook.Coodinator;
				PRODUCT_NAME = "$(TARGET_NAME)";
				SWIFT_EMIT_LOC_STRINGS = YES;
				SWIFT_VERSION = 5.0;
				TARGETED_DEVICE_FAMILY = "1,2";
			};
			name = Debug;
		};
		04937AE52C69DA710099D3EE /* Release */ = {
			isa = XCBuildConfiguration;
			buildSettings = {
				ASSETCATALOG_COMPILER_APPICON_NAME = AppIcon;
				ASSETCATALOG_COMPILER_GLOBAL_ACCENT_COLOR_NAME = AccentColor;
				CODE_SIGN_STYLE = Automatic;
				CURRENT_PROJECT_VERSION = 1;
				DEVELOPMENT_TEAM = VUW56J5QC2;
				GENERATE_INFOPLIST_FILE = YES;
				INFOPLIST_FILE = Coodinator/Info.plist;
				INFOPLIST_KEY_UIApplicationSupportsIndirectInputEvents = YES;
				INFOPLIST_KEY_UILaunchStoryboardName = LaunchScreen;
				INFOPLIST_KEY_UISupportedInterfaceOrientations_iPad = "UIInterfaceOrientationPortrait UIInterfaceOrientationPortraitUpsideDown UIInterfaceOrientationLandscapeLeft UIInterfaceOrientationLandscapeRight";
				INFOPLIST_KEY_UISupportedInterfaceOrientations_iPhone = "UIInterfaceOrientationPortrait UIInterfaceOrientationLandscapeLeft UIInterfaceOrientationLandscapeRight";
				LD_RUNPATH_SEARCH_PATHS = (
					"$(inherited)",
					"@executable_path/Frameworks",
				);
				MARKETING_VERSION = 1.0;
				PRODUCT_BUNDLE_IDENTIFIER = com.SeongKook.Coodinator;
				PRODUCT_NAME = "$(TARGET_NAME)";
				SWIFT_EMIT_LOC_STRINGS = YES;
				SWIFT_VERSION = 5.0;
				TARGETED_DEVICE_FAMILY = "1,2";
			};
			name = Release;
		};
/* End XCBuildConfiguration section */

/* Begin XCConfigurationList section */
		04937ACA2C69DA6E0099D3EE /* Build configuration list for PBXProject "Coodinator" */ = {
			isa = XCConfigurationList;
			buildConfigurations = (
				04937AE12C69DA710099D3EE /* Debug */,
				04937AE22C69DA710099D3EE /* Release */,
			);
			defaultConfigurationIsVisible = 0;
			defaultConfigurationName = Release;
		};
		04937AE32C69DA710099D3EE /* Build configuration list for PBXNativeTarget "Coodinator" */ = {
			isa = XCConfigurationList;
			buildConfigurations = (
				04937AE42C69DA710099D3EE /* Debug */,
				04937AE52C69DA710099D3EE /* Release */,
			);
			defaultConfigurationIsVisible = 0;
			defaultConfigurationName = Release;
		};
/* End XCConfigurationList section */

/* Begin XCRemoteSwiftPackageReference section */
		04937AF52C69E6410099D3EE /* XCRemoteSwiftPackageReference "SnapKit" */ = {
			isa = XCRemoteSwiftPackageReference;
			repositoryURL = "https://github.com/SnapKit/SnapKit.git";
			requirement = {
				kind = upToNextMajorVersion;
				minimumVersion = 5.7.1;
			};
		};
/* End XCRemoteSwiftPackageReference section */

/* Begin XCSwiftPackageProductDependency section */
		04937AF62C69E6420099D3EE /* SnapKit */ = {
			isa = XCSwiftPackageProductDependency;
			package = 04937AF52C69E6410099D3EE /* XCRemoteSwiftPackageReference "SnapKit" */;
			productName = SnapKit;
		};
/* End XCSwiftPackageProductDependency section */
	};
	rootObject = 04937AC72C69DA6E0099D3EE /* Project object */;
}
